Microsoft Visual Studio Solution File, Format Version 12.00
# Visual Studio Version 17
VisualStudioVersion = 17.5.2.0
MinimumVisualStudioVersion = 10.0.40219.1
Project("{FAE04EC0-301F-11D3-BF4B-00C04F79EFBC}") = "mathletics", "mathletics.csproj", "{1F51AD26-2AB0-68EC-27C3-4A5FA893E501}"
EndProject
Global
	GlobalSection(SolutionConfigurationPlatforms) = preSolution
		Debug|Any CPU = Debug|Any CPU
		Release|Any CPU = Release|Any CPU
	EndGlobalSection
	GlobalSection(ProjectConfigurationPlatforms) = postSolution
		{1F51AD26-2AB0-68EC-27C3-4A5FA893E501}.Debug|Any CPU.ActiveCfg = Debug|Any CPU
		{1F51AD26-2AB0-68EC-27C3-4A5FA893E501}.Debug|Any CPU.Build.0 = Debug|Any CPU
		{1F51AD26-2AB0-68EC-27C3-4A5FA893E501}.Release|Any CPU.ActiveCfg = Release|Any CPU
		{1F51AD26-2AB0-68EC-27C3-4A5FA893E501}.Release|Any CPU.Build.0 = Release|Any CPU
	EndGlobalSection
	GlobalSection(SolutionProperties) = preSolution
		HideSolutionNode = FALSE
	EndGlobalSection
	GlobalSection(ExtensibilityGlobals) = postSolution
		SolutionGuid = {6B212E11-3819-48DB-AA1D-BE744AF8ECF5}
	EndGlobalSection
EndGlobal
